
Microsoft Visual Studio Solution File, Format Version 12.00
# Visual Studio Version 17
VisualStudioVersion = 17.1.32210.238
MinimumVisualStudioVersion = 10.0.40219.1
Project("{FAE04EC0-301F-11D3-BF4B-00C04F79EFBC}") = "Teste1", "Teste1\Teste1.csproj", "{F0970DC0-AD24-407D-A33E-B068327DD113}"
EndProject
Project("{FAE04EC0-301F-11D3-BF4B-00C04F79EFBC}") = "Teste2", "WindowsFormsApp1\Teste2.csproj", "{2785E1E5-56B8-4A92-B0BA-5F8563417B00}"
EndProject
Project("{FAE04EC0-301F-11D3-BF4B-00C04F79EFBC}") = "M01A02A", "M01A02A\M01A02A.csproj", "{A489DCEC-6F7D-4CE8-9544-4B1191D65628}"
EndProject
Project("{FAE04EC0-301F-11D3-BF4B-00C04F79EFBC}") = "M01A02B", "M01A02B\M01A02B.csproj", "{CC75B626-C1FC-45CB-ABD6-681114E4A09B}"
EndProject
Project("{FAE04EC0-301F-11D3-BF4B-00C04F79EFBC}") = "M01A02C", "M01A02C\M01A02C.csproj", "{2D7B1299-6F65-4602-A4A1-7B9C64E8D35D}"
EndProject
Project("{FAE04EC0-301F-11D3-BF4B-00C04F79EFBC}") = "M01A02E", "M01A02E\M01A02E.csproj", "{01A0EB72-CB53-48B6-8640-8D6AA5C4FDAE}"
EndProject
Project("{FAE04EC0-301F-11D3-BF4B-00C04F79EFBC}") = "M01A03", "M01A03\M01A03.csproj", "{124CFE5A-CA64-4390-AA75-DB9117959BF6}"
EndProject
Project("{FAE04EC0-301F-11D3-BF4B-00C04F79EFBC}") = "M01A04", "M01A04\M01A04.csproj", "{228660F6-EA37-456D-B213-71683B55B3B0}"
EndProject
Project("{9A19103F-16F7-4668-BE54-9A1E7A4F7556}") = "M01A05A", "M01A05\M01A05A.csproj", "{3A69F81F-9D2A-44D6-87A7-A84DDC141A8B}"
EndProject
Project("{9A19103F-16F7-4668-BE54-9A1E7A4F7556}") = "M01A05B", "M01A05B\M01A05B.csproj", "{2F65CC44-CC78-42D5-A4E3-BFF579ACA793}"
EndProject
Project("{9A19103F-16F7-4668-BE54-9A1E7A4F7556}") = "M01A06", "M01A06\M01A06.csproj", "{5BD2A814-AE19-411B-8F1B-69B83C5303A5}"
EndProject
Project("{9A19103F-16F7-4668-BE54-9A1E7A4F7556}") = "M01A07", "M01A07\M01A07.csproj", "{219214A9-C74F-4D73-A274-170EF1B49653}"
EndProject
Project("{9A19103F-16F7-4668-BE54-9A1E7A4F7556}") = "M01A08A", "M01A08A\M01A08A.csproj", "{580349E3-DBE1-4148-B3C8-7AE49C78C5F8}"
EndProject
Project("{FAE04EC0-301F-11D3-BF4B-00C04F79EFBC}") = "M01A08B", "M01A08B\M01A08B.csproj", "{A49AEC9B-4FBA-471A-8E8D-7B3ECBEE2C5D}"
EndProject
Project("{9A19103F-16F7-4668-BE54-9A1E7A4F7556}") = "M01A08C", "M01A08C\M01A08C.csproj", "{5D87EDAD-EE50-46D3-8B8D-91CA0BDDA21C}"
EndProject
Project("{FAE04EC0-301F-11D3-BF4B-00C04F79EFBC}") = "M01A08D", "M01A08D\M01A08D.csproj", "{87BCF744-F31C-49F8-80ED-76BDB0F23A98}"
EndProject
Project("{9A19103F-16F7-4668-BE54-9A1E7A4F7556}") = "M01A08E", "M01A08E\M01A08E.csproj", "{8AA394E6-932E-4E16-B219-17113B2064A0}"
EndProject
Project("{9A19103F-16F7-4668-BE54-9A1E7A4F7556}") = "M01A09", "M01A09\M01A09.csproj", "{A4BBD733-3C5D-4BE7-8E48-C63923A8E501}"
EndProject
Project("{9A19103F-16F7-4668-BE54-9A1E7A4F7556}") = "M01A10", "M01A10\M01A10.csproj", "{45C6F645-03AF-4734-BD58-92D0F14920E1}"
EndProject
Project("{9A19103F-16F7-4668-BE54-9A1E7A4F7556}") = "M01A11A", "M01A11\M01A11A.csproj", "{DC7AA575-C2E1-4A8A-AB64-B0DD48D9D0BF}"
EndProject
Project("{FAE04EC0-301F-11D3-BF4B-00C04F79EFBC}") = "M01A11B", "M01A11B\M01A11B.csproj", "{551F7508-CA0E-4FAD-8C3A-E6CD23EC9C47}"
EndProject
Project("{9A19103F-16F7-4668-BE54-9A1E7A4F7556}") = "M01A12A", "M01A12A\M01A12A.csproj", "{5B5A041A-65ED-471F-9396-195EC0F51F74}"
EndProject
Project("{FAE04EC0-301F-11D3-BF4B-00C04F79EFBC}") = "M01A12B", "M01A12B\M01A12B.csproj", "{8CA900C8-D5E3-4A3A-A3BB-BEE5ED459D25}"
EndProject
Project("{9A19103F-16F7-4668-BE54-9A1E7A4F7556}") = "M01A12C", "M01A12C\M01A12C.csproj", "{D5E402C4-FE14-4957-AC28-94D58469A86F}"
EndProject
Project("{FAE04EC0-301F-11D3-BF4B-00C04F79EFBC}") = "M01A13A", "M01A13A\M01A13A.csproj", "{5D1C945F-ED62-45E8-81C2-0800FB7413DB}"
EndProject
Global
	GlobalSection(SolutionConfigurationPlatforms) = preSolution
		Debug|Any CPU = Debug|Any CPU
		Release|Any CPU = Release|Any CPU
	EndGlobalSection
	GlobalSection(ProjectConfigurationPlatforms) = postSolution
		{F0970DC0-AD24-407D-A33E-B068327DD113}.Debug|Any CPU.ActiveCfg = Debug|Any CPU
		{F0970DC0-AD24-407D-A33E-B068327DD113}.Debug|Any CPU.Build.0 = Debug|Any CPU
		{F0970DC0-AD24-407D-A33E-B068327DD113}.Release|Any CPU.ActiveCfg = Release|Any CPU
		{F0970DC0-AD24-407D-A33E-B068327DD113}.Release|Any CPU.Build.0 = Release|Any CPU
		{2785E1E5-56B8-4A92-B0BA-5F8563417B00}.Debug|Any CPU.ActiveCfg = Debug|Any CPU
		{2785E1E5-56B8-4A92-B0BA-5F8563417B00}.Debug|Any CPU.Build.0 = Debug|Any CPU
		{2785E1E5-56B8-4A92-B0BA-5F8563417B00}.Release|Any CPU.ActiveCfg = Release|Any CPU
		{2785E1E5-56B8-4A92-B0BA-5F8563417B00}.Release|Any CPU.Build.0 = Release|Any CPU
		{A489DCEC-6F7D-4CE8-9544-4B1191D65628}.Debug|Any CPU.ActiveCfg = Debug|Any CPU
		{A489DCEC-6F7D-4CE8-9544-4B1191D65628}.Debug|Any CPU.Build.0 = Debug|Any CPU
		{A489DCEC-6F7D-4CE8-9544-4B1191D65628}.Release|Any CPU.ActiveCfg = Release|Any CPU
		{A489DCEC-6F7D-4CE8-9544-4B1191D65628}.Release|Any CPU.Build.0 = Release|Any CPU
		{CC75B626-C1FC-45CB-ABD6-681114E4A09B}.Debug|Any CPU.ActiveCfg = Debug|Any CPU
		{CC75B626-C1FC-45CB-ABD6-681114E4A09B}.Debug|Any CPU.Build.0 = Debug|Any CPU
		{CC75B626-C1FC-45CB-ABD6-681114E4A09B}.Release|Any CPU.ActiveCfg = Release|Any CPU
		{CC75B626-C1FC-45CB-ABD6-681114E4A09B}.Release|Any CPU.Build.0 = Release|Any CPU
		{2D7B1299-6F65-4602-A4A1-7B9C64E8D35D}.Debug|Any CPU.ActiveCfg = Debug|Any CPU
		{2D7B1299-6F65-4602-A4A1-7B9C64E8D35D}.Debug|Any CPU.Build.0 = Debug|Any CPU
		{2D7B1299-6F65-4602-A4A1-7B9C64E8D35D}.Release|Any CPU.ActiveCfg = Release|Any CPU
		{2D7B1299-6F65-4602-A4A1-7B9C64E8D35D}.Release|Any CPU.Build.0 = Release|Any CPU
		{01A0EB72-CB53-48B6-8640-8D6AA5C4FDAE}.Debug|Any CPU.ActiveCfg = Debug|Any CPU
		{01A0EB72-CB53-48B6-8640-8D6AA5C4FDAE}.Debug|Any CPU.Build.0 = Debug|Any CPU
		{01A0EB72-CB53-48B6-8640-8D6AA5C4FDAE}.Release|Any CPU.ActiveCfg = Release|Any CPU
		{01A0EB72-CB53-48B6-8640-8D6AA5C4FDAE}.Release|Any CPU.Build.0 = Release|Any CPU
		{124CFE5A-CA64-4390-AA75-DB9117959BF6}.Debug|Any CPU.ActiveCfg = Debug|Any CPU
		{124CFE5A-CA64-4390-AA75-DB9117959BF6}.Debug|Any CPU.Build.0 = Debug|Any CPU
		{124CFE5A-CA64-4390-AA75-DB9117959BF6}.Release|Any CPU.ActiveCfg = Release|Any CPU
		{124CFE5A-CA64-4390-AA75-DB9117959BF6}.Release|Any CPU.Build.0 = Release|Any CPU
		{228660F6-EA37-456D-B213-71683B55B3B0}.Debug|Any CPU.ActiveCfg = Debug|Any CPU
		{228660F6-EA37-456D-B213-71683B55B3B0}.Debug|Any CPU.Build.0 = Debug|Any CPU
		{228660F6-EA37-456D-B213-71683B55B3B0}.Release|Any CPU.ActiveCfg = Release|Any CPU
		{228660F6-EA37-456D-B213-71683B55B3B0}.Release|Any CPU.Build.0 = Release|Any CPU
		{3A69F81F-9D2A-44D6-87A7-A84DDC141A8B}.Debug|Any CPU.ActiveCfg = Debug|Any CPU
		{3A69F81F-9D2A-44D6-87A7-A84DDC141A8B}.Debug|Any CPU.Build.0 = Debug|Any CPU
		{3A69F81F-9D2A-44D6-87A7-A84DDC141A8B}.Release|Any CPU.ActiveCfg = Release|Any CPU
		{3A69F81F-9D2A-44D6-87A7-A84DDC141A8B}.Release|Any CPU.Build.0 = Release|Any CPU
		{2F65CC44-CC78-42D5-A4E3-BFF579ACA793}.Debug|Any CPU.ActiveCfg = Debug|Any CPU
		{2F65CC44-CC78-42D5-A4E3-BFF579ACA793}.Debug|Any CPU.Build.0 = Debug|Any CPU
		{2F65CC44-CC78-42D5-A4E3-BFF579ACA793}.Release|Any CPU.ActiveCfg = Release|Any CPU
		{2F65CC44-CC78-42D5-A4E3-BFF579ACA793}.Release|Any CPU.Build.0 = Release|Any CPU
		{5BD2A814-AE19-411B-8F1B-69B83C5303A5}.Debug|Any CPU.ActiveCfg = Debug|Any CPU
		{5BD2A814-AE19-411B-8F1B-69B83C5303A5}.Debug|Any CPU.Build.0 = Debug|Any CPU
		{5BD2A814-AE19-411B-8F1B-69B83C5303A5}.Release|Any CPU.ActiveCfg = Release|Any CPU
		{5BD2A814-AE19-411B-8F1B-69B83C5303A5}.Release|Any CPU.Build.0 = Release|Any CPU
		{219214A9-C74F-4D73-A274-170EF1B49653}.Debug|Any CPU.ActiveCfg = Debug|Any CPU
		{219214A9-C74F-4D73-A274-170EF1B49653}.Debug|Any CPU.Build.0 = Debug|Any CPU
		{219214A9-C74F-4D73-A274-170EF1B49653}.Release|Any CPU.ActiveCfg = Release|Any CPU
		{219214A9-C74F-4D73-A274-170EF1B49653}.Release|Any CPU.Build.0 = Release|Any CPU
		{580349E3-DBE1-4148-B3C8-7AE49C78C5F8}.Debug|Any CPU.ActiveCfg = Debug|Any CPU
		{580349E3-DBE1-4148-B3C8-7AE49C78C5F8}.Debug|Any CPU.Build.0 = Debug|Any CPU
		{580349E3-DBE1-4148-B3C8-7AE49C78C5F8}.Release|Any CPU.ActiveCfg = Release|Any CPU
		{580349E3-DBE1-4148-B3C8-7AE49C78C5F8}.Release|Any CPU.Build.0 = Release|Any CPU
		{A49AEC9B-4FBA-471A-8E8D-7B3ECBEE2C5D}.Debug|Any CPU.ActiveCfg = Debug|Any CPU
		{A49AEC9B-4FBA-471A-8E8D-7B3ECBEE2C5D}.Debug|Any CPU.Build.0 = Debug|Any CPU
		{A49AEC9B-4FBA-471A-8E8D-7B3ECBEE2C5D}.Release|Any CPU.ActiveCfg = Release|Any CPU
		{A49AEC9B-4FBA-471A-8E8D-7B3ECBEE2C5D}.Release|Any CPU.Build.0 = Release|Any CPU
		{5D87EDAD-EE50-46D3-8B8D-91CA0BDDA21C}.Debug|Any CPU.ActiveCfg = Debug|Any CPU
		{5D87EDAD-EE50-46D3-8B8D-91CA0BDDA21C}.Debug|Any CPU.Build.0 = Debug|Any CPU
		{5D87EDAD-EE50-46D3-8B8D-91CA0BDDA21C}.Release|Any CPU.ActiveCfg = Release|Any CPU
		{5D87EDAD-EE50-46D3-8B8D-91CA0BDDA21C}.Release|Any CPU.Build.0 = Release|Any CPU
		{87BCF744-F31C-49F8-80ED-76BDB0F23A98}.Debug|Any CPU.ActiveCfg = Debug|Any CPU
		{87BCF744-F31C-49F8-80ED-76BDB0F23A98}.Debug|Any CPU.Build.0 = Debug|Any CPU
		{87BCF744-F31C-49F8-80ED-76BDB0F23A98}.Release|Any CPU.ActiveCfg = Release|Any CPU
		{87BCF744-F31C-49F8-80ED-76BDB0F23A98}.Release|Any CPU.Build.0 = Release|Any CPU
		{8AA394E6-932E-4E16-B219-17113B2064A0}.Debug|Any CPU.ActiveCfg = Debug|Any CPU
		{8AA394E6-932E-4E16-B219-17113B2064A0}.Debug|Any CPU.Build.0 = Debug|Any CPU
		{8AA394E6-932E-4E16-B219-17113B2064A0}.Release|Any CPU.ActiveCfg = Release|Any CPU
		{8AA394E6-932E-4E16-B219-17113B2064A0}.Release|Any CPU.Build.0 = Release|Any CPU
		{A4BBD733-3C5D-4BE7-8E48-C63923A8E501}.Debug|Any CPU.ActiveCfg = Debug|Any CPU
		{A4BBD733-3C5D-4BE7-8E48-C63923A8E501}.Debug|Any CPU.Build.0 = Debug|Any CPU
		{A4BBD733-3C5D-4BE7-8E48-C63923A8E501}.Release|Any CPU.ActiveCfg = Release|Any CPU
		{A4BBD733-3C5D-4BE7-8E48-C63923A8E501}.Release|Any CPU.Build.0 = Release|Any CPU
		{45C6F645-03AF-4734-BD58-92D0F14920E1}.Debug|Any CPU.ActiveCfg = Debug|Any CPU
		{45C6F645-03AF-4734-BD58-92D0F14920E1}.Debug|Any CPU.Build.0 = Debug|Any CPU
		{45C6F645-03AF-4734-BD58-92D0F14920E1}.Release|Any CPU.ActiveCfg = Release|Any CPU
		{45C6F645-03AF-4734-BD58-92D0F14920E1}.Release|Any CPU.Build.0 = Release|Any CPU
		{DC7AA575-C2E1-4A8A-AB64-B0DD48D9D0BF}.Debug|Any CPU.ActiveCfg = Debug|Any CPU
		{DC7AA575-C2E1-4A8A-AB64-B0DD48D9D0BF}.Debug|Any CPU.Build.0 = Debug|Any CPU
		{DC7AA575-C2E1-4A8A-AB64-B0DD48D9D0BF}.Release|Any CPU.ActiveCfg = Release|Any CPU
		{DC7AA575-C2E1-4A8A-AB64-B0DD48D9D0BF}.Release|Any CPU.Build.0 = Release|Any CPU
		{551F7508-CA0E-4FAD-8C3A-E6CD23EC9C47}.Debug|Any CPU.ActiveCfg = Debug|Any CPU
		{551F7508-CA0E-4FAD-8C3A-E6CD23EC9C47}.Debug|Any CPU.Build.0 = Debug|Any CPU
		{551F7508-CA0E-4FAD-8C3A-E6CD23EC9C47}.Release|Any CPU.ActiveCfg = Release|Any CPU
		{551F7508-CA0E-4FAD-8C3A-E6CD23EC9C47}.Release|Any CPU.Build.0 = Release|Any CPU
		{5B5A041A-65ED-471F-9396-195EC0F51F74}.Debug|Any CPU.ActiveCfg = Debug|Any CPU
		{5B5A041A-65ED-471F-9396-195EC0F51F74}.Debug|Any CPU.Build.0 = Debug|Any CPU
		{5B5A041A-65ED-471F-9396-195EC0F51F74}.Release|Any CPU.ActiveCfg = Release|Any CPU
		{5B5A041A-65ED-471F-9396-195EC0F51F74}.Release|Any CPU.Build.0 = Release|Any CPU
		{8CA900C8-D5E3-4A3A-A3BB-BEE5ED459D25}.Debug|Any CPU.ActiveCfg = Debug|Any CPU
		{8CA900C8-D5E3-4A3A-A3BB-BEE5ED459D25}.Debug|Any CPU.Build.0 = Debug|Any CPU
		{8CA900C8-D5E3-4A3A-A3BB-BEE5ED459D25}.Release|Any CPU.ActiveCfg = Release|Any CPU
		{8CA900C8-D5E3-4A3A-A3BB-BEE5ED459D25}.Release|Any CPU.Build.0 = Release|Any CPU
		{D5E402C4-FE14-4957-AC28-94D58469A86F}.Debug|Any CPU.ActiveCfg = Debug|Any CPU
		{D5E402C4-FE14-4957-AC28-94D58469A86F}.Debug|Any CPU.Build.0 = Debug|Any CPU
		{D5E402C4-FE14-4957-AC28-94D58469A86F}.Release|Any CPU.ActiveCfg = Release|Any CPU
		{D5E402C4-FE14-4957-AC28-94D58469A86F}.Release|Any CPU.Build.0 = Release|Any CPU
		{5D1C945F-ED62-45E8-81C2-0800FB7413DB}.Debug|Any CPU.ActiveCfg = Debug|Any CPU
		{5D1C945F-ED62-45E8-81C2-0800FB7413DB}.Debug|Any CPU.Build.0 = Debug|Any CPU
		{5D1C945F-ED62-45E8-81C2-0800FB7413DB}.Release|Any CPU.ActiveCfg = Release|Any CPU
		{5D1C945F-ED62-45E8-81C2-0800FB7413DB}.Release|Any CPU.Build.0 = Release|Any CPU
	EndGlobalSection
	GlobalSection(SolutionProperties) = preSolution
		HideSolutionNode = FALSE
	EndGlobalSection
	GlobalSection(ExtensibilityGlobals) = postSolution
		SolutionGuid = {37D81CA5-EE6C-46C8-B71C-6B830386496B}
	EndGlobalSection
EndGlobal
