
Microsoft Visual Studio Solution File, Format Version 12.00
# Visual Studio Version 17
VisualStudioVersion = 17.8.34330.188
MinimumVisualStudioVersion = 10.0.40219.1
Project("{FAE04EC0-301F-11D3-BF4B-00C04F79EFBC}") = "M02Ex010", "M02Ex010.csproj", "{711E1E4B-C6D8-41FE-B7C3-568CEA0517D7}"
EndProject
Global
	GlobalSection(SolutionConfigurationPlatforms) = preSolution
		Debug|Any CPU = Debug|Any CPU
		Release|Any CPU = Release|Any CPU
	EndGlobalSection
	GlobalSection(ProjectConfigurationPlatforms) = postSolution
		{711E1E4B-C6D8-41FE-B7C3-568CEA0517D7}.Debug|Any CPU.ActiveCfg = Debug|Any CPU
		{711E1E4B-C6D8-41FE-B7C3-568CEA0517D7}.Debug|Any CPU.Build.0 = Debug|Any CPU
		{711E1E4B-C6D8-41FE-B7C3-568CEA0517D7}.Release|Any CPU.ActiveCfg = Release|Any CPU
		{711E1E4B-C6D8-41FE-B7C3-568CEA0517D7}.Release|Any CPU.Build.0 = Release|Any CPU
	EndGlobalSection
	GlobalSection(SolutionProperties) = preSolution
		HideSolutionNode = FALSE
	EndGlobalSection
	GlobalSection(ExtensibilityGlobals) = postSolution
		SolutionGuid = {6FE3D77B-D8D9-4851-AB6B-BE087F368565}
	EndGlobalSection
EndGlobal
